
Microsoft Visual Studio Solution File, Format Version 12.00
# Visual Studio Version 16
VisualStudioVersion = 16.0.30114.105
MinimumVisualStudioVersion = 10.0.40219.1
Project("{FAE04EC0-301F-11D3-BF4B-00C04F79EFBC}") = "ProEventos.Application", "ProEventos.Application\ProEventos.Application.csproj", "{6FF7D187-17C8-4A12-BB5B-39FE3FFC7E55}"
EndProject
Project("{FAE04EC0-301F-11D3-BF4B-00C04F79EFBC}") = "ProEventos.Domain", "ProEventos.Domain\ProEventos.Domain.csproj", "{BD216B02-6E1C-4D8C-AD48-5472CF1F14D2}"
EndProject
Project("{FAE04EC0-301F-11D3-BF4B-00C04F79EFBC}") = "ProEventos.api", "ProEventos.Api\ProEventos.api.csproj", "{14110602-7E3E-47C1-A6D3-02DA56056E37}"
EndProject
Project("{FAE04EC0-301F-11D3-BF4B-00C04F79EFBC}") = "ProEventos.Persistence", "ProEventos.Persistence\ProEventos.Persistence.csproj", "{4BB2244E-7F58-48DA-B9A9-DCACA633B81C}"
EndProject
Global
	GlobalSection(SolutionConfigurationPlatforms) = preSolution
		Debug|Any CPU = Debug|Any CPU
		Debug|x64 = Debug|x64
		Debug|x86 = Debug|x86
		Release|Any CPU = Release|Any CPU
		Release|x64 = Release|x64
		Release|x86 = Release|x86
	EndGlobalSection
	GlobalSection(SolutionProperties) = preSolution
		HideSolutionNode = FALSE
	EndGlobalSection
	GlobalSection(ProjectConfigurationPlatforms) = postSolution
		{6FF7D187-17C8-4A12-BB5B-39FE3FFC7E55}.Debug|Any CPU.ActiveCfg = Debug|Any CPU
		{6FF7D187-17C8-4A12-BB5B-39FE3FFC7E55}.Debug|Any CPU.Build.0 = Debug|Any CPU
		{6FF7D187-17C8-4A12-BB5B-39FE3FFC7E55}.Debug|x64.ActiveCfg = Debug|Any CPU
		{6FF7D187-17C8-4A12-BB5B-39FE3FFC7E55}.Debug|x64.Build.0 = Debug|Any CPU
		{6FF7D187-17C8-4A12-BB5B-39FE3FFC7E55}.Debug|x86.ActiveCfg = Debug|Any CPU
		{6FF7D187-17C8-4A12-BB5B-39FE3FFC7E55}.Debug|x86.Build.0 = Debug|Any CPU
		{6FF7D187-17C8-4A12-BB5B-39FE3FFC7E55}.Release|Any CPU.ActiveCfg = Release|Any CPU
		{6FF7D187-17C8-4A12-BB5B-39FE3FFC7E55}.Release|Any CPU.Build.0 = Release|Any CPU
		{6FF7D187-17C8-4A12-BB5B-39FE3FFC7E55}.Release|x64.ActiveCfg = Release|Any CPU
		{6FF7D187-17C8-4A12-BB5B-39FE3FFC7E55}.Release|x64.Build.0 = Release|Any CPU
		{6FF7D187-17C8-4A12-BB5B-39FE3FFC7E55}.Release|x86.ActiveCfg = Release|Any CPU
		{6FF7D187-17C8-4A12-BB5B-39FE3FFC7E55}.Release|x86.Build.0 = Release|Any CPU
		{BD216B02-6E1C-4D8C-AD48-5472CF1F14D2}.Debug|Any CPU.ActiveCfg = Debug|Any CPU
		{BD216B02-6E1C-4D8C-AD48-5472CF1F14D2}.Debug|Any CPU.Build.0 = Debug|Any CPU
		{BD216B02-6E1C-4D8C-AD48-5472CF1F14D2}.Debug|x64.ActiveCfg = Debug|Any CPU
		{BD216B02-6E1C-4D8C-AD48-5472CF1F14D2}.Debug|x64.Build.0 = Debug|Any CPU
		{BD216B02-6E1C-4D8C-AD48-5472CF1F14D2}.Debug|x86.ActiveCfg = Debug|Any CPU
		{BD216B02-6E1C-4D8C-AD48-5472CF1F14D2}.Debug|x86.Build.0 = Debug|Any CPU
		{BD216B02-6E1C-4D8C-AD48-5472CF1F14D2}.Release|Any CPU.ActiveCfg = Release|Any CPU
		{BD216B02-6E1C-4D8C-AD48-5472CF1F14D2}.Release|Any CPU.Build.0 = Release|Any CPU
		{BD216B02-6E1C-4D8C-AD48-5472CF1F14D2}.Release|x64.ActiveCfg = Release|Any CPU
		{BD216B02-6E1C-4D8C-AD48-5472CF1F14D2}.Release|x64.Build.0 = Release|Any CPU
		{BD216B02-6E1C-4D8C-AD48-5472CF1F14D2}.Release|x86.ActiveCfg = Release|Any CPU
		{BD216B02-6E1C-4D8C-AD48-5472CF1F14D2}.Release|x86.Build.0 = Release|Any CPU
		{14110602-7E3E-47C1-A6D3-02DA56056E37}.Debug|Any CPU.ActiveCfg = Debug|Any CPU
		{14110602-7E3E-47C1-A6D3-02DA56056E37}.Debug|Any CPU.Build.0 = Debug|Any CPU
		{14110602-7E3E-47C1-A6D3-02DA56056E37}.Debug|x64.ActiveCfg = Debug|Any CPU
		{14110602-7E3E-47C1-A6D3-02DA56056E37}.Debug|x64.Build.0 = Debug|Any CPU
		{14110602-7E3E-47C1-A6D3-02DA56056E37}.Debug|x86.ActiveCfg = Debug|Any CPU
		{14110602-7E3E-47C1-A6D3-02DA56056E37}.Debug|x86.Build.0 = Debug|Any CPU
		{14110602-7E3E-47C1-A6D3-02DA56056E37}.Release|Any CPU.ActiveCfg = Release|Any CPU
		{14110602-7E3E-47C1-A6D3-02DA56056E37}.Release|Any CPU.Build.0 = Release|Any CPU
		{14110602-7E3E-47C1-A6D3-02DA56056E37}.Release|x64.ActiveCfg = Release|Any CPU
		{14110602-7E3E-47C1-A6D3-02DA56056E37}.Release|x64.Build.0 = Release|Any CPU
		{14110602-7E3E-47C1-A6D3-02DA56056E37}.Release|x86.ActiveCfg = Release|Any CPU
		{14110602-7E3E-47C1-A6D3-02DA56056E37}.Release|x86.Build.0 = Release|Any CPU
		{4BB2244E-7F58-48DA-B9A9-DCACA633B81C}.Debug|Any CPU.ActiveCfg = Debug|Any CPU
		{4BB2244E-7F58-48DA-B9A9-DCACA633B81C}.Debug|Any CPU.Build.0 = Debug|Any CPU
		{4BB2244E-7F58-48DA-B9A9-DCACA633B81C}.Debug|x64.ActiveCfg = Debug|Any CPU
		{4BB2244E-7F58-48DA-B9A9-DCACA633B81C}.Debug|x64.Build.0 = Debug|Any CPU
		{4BB2244E-7F58-48DA-B9A9-DCACA633B81C}.Debug|x86.ActiveCfg = Debug|Any CPU
		{4BB2244E-7F58-48DA-B9A9-DCACA633B81C}.Debug|x86.Build.0 = Debug|Any CPU
		{4BB2244E-7F58-48DA-B9A9-DCACA633B81C}.Release|Any CPU.ActiveCfg = Release|Any CPU
		{4BB2244E-7F58-48DA-B9A9-DCACA633B81C}.Release|Any CPU.Build.0 = Release|Any CPU
		{4BB2244E-7F58-48DA-B9A9-DCACA633B81C}.Release|x64.ActiveCfg = Release|Any CPU
		{4BB2244E-7F58-48DA-B9A9-DCACA633B81C}.Release|x64.Build.0 = Release|Any CPU
		{4BB2244E-7F58-48DA-B9A9-DCACA633B81C}.Release|x86.ActiveCfg = Release|Any CPU
		{4BB2244E-7F58-48DA-B9A9-DCACA633B81C}.Release|x86.Build.0 = Release|Any CPU
	EndGlobalSection
EndGlobal
